{
  "nodes": {
    "nixpkgs-26-05": {
      "locked": {
        "lastModified": 1780453794,
        "narHash": "sha256-bXMRa9VTsHSPXL4Cw8R6JJLQeY3Y/IP4+YJCYVmQ7FY=",
        "owner": "NixOS",
        "repo": "nixpkgs",
        "rev": "6b316287bae2ee04c9b93c8c858d930fd07d7338",
        "type": "github"
      },
      "original": {
        "owner": "NixOS",
        "ref": "nixos-26.05",
        "repo": "nixpkgs",
        "type": "github"
      }
    },
    "nixpkgs-unstable": {
      "locked": {
        "lastModified": 1782467914,
        "narHash": "sha256-pGvFkM8N0xEkIIXDe5YYfbEAvHrk4IxBrjB/x8OomhE=",
        "owner": "NixOS",
        "repo": "nixpkgs",
        "rev": "e73de5be04e0eff4190a1432b946d469c794e7b4",
        "type": "github"
      },
      "original": {
        "owner": "NixOS",
        "ref": "nixos-unstable",
        "repo": "nixpkgs",
        "type": "github"
      }
    },
    "nixpkgs-version": {
      "inputs": {
        "nixpkgs-26-05": "nixpkgs-26-05",
        "nixpkgs-unstable": "nixpkgs-unstable"
      },
      "locked": {
        "lastModified": 1782611200,
        "narHash": "sha256-b48StIFuaxBb6PvTB8RdB+iWPqwBm/3h3FoTM75LRN0=",
        "owner": "QGIS",
        "repo": "qgis-nixpkgs-version",
        "rev": "4ebb65475b26dc23061c711e0dbaac09990a9811",
        "type": "github"
      },
      "original": {
        "owner": "QGIS",
        "repo": "qgis-nixpkgs-version",
        "type": "github"
      }
    },
    "qgis-website-theme": {
      "flake": false,
      "locked": {
        "lastModified": 1771509065,
        "narHash": "sha256-WvAHC9UbZX72WkEM8kSo/WpFLNSNxlMz2qOwe805ZVk=",
        "owner": "qgis",
        "repo": "QGIS-Hugo-Website-Theme",
        "rev": "ce72e98adff61d303b70f9a35279b14951152ee1",
        "type": "github"
      },
      "original": {
        "owner": "qgis",
        "repo": "QGIS-Hugo-Website-Theme",
        "rev": "ce72e98adff61d303b70f9a35279b14951152ee1",
        "type": "github"
      }
    },
    "root": {
      "inputs": {
        "nixpkgs": [
          "nixpkgs-version",
          "nixpkgs-26-05"
        ],
        "nixpkgs-version": "nixpkgs-version",
        "qgis-website-theme": "qgis-website-theme"
      }
    }
  },
  "root": "root",
  "version": 7
}
